// !$*UTF8*$!
{
	archiveVersion = 1;
	classes = {
	};
	objectVersion = 56;
	objects = {

/* Begin PBXBuildFile section */
		235F1EF82B728E6000FDD8DB /* CONpanionApp.swift in Sources */ = {isa = PBXBuildFile; fileRef = 235F1EF72B728E6000FDD8DB /* CONpanionApp.swift */; };
		235F1EFA2B728E6000FDD8DB /* ContentView.swift in Sources */ = {isa = PBXBuildFile; fileRef = 235F1EF92B728E6000FDD8DB /* ContentView.swift */; };
		235F1EFC2B728E6300FDD8DB /* Assets.xcassets in Resources */ = {isa = PBXBuildFile; fileRef = 235F1EFB2B728E6300FDD8DB /* Assets.xcassets */; };
		235F1EFF2B728E6300FDD8DB /* Preview Assets.xcassets in Resources */ = {isa = PBXBuildFile; fileRef = 235F1EFE2B728E6300FDD8DB /* Preview Assets.xcassets */; };
		235F1F142B72938E00FDD8DB /* LoginView.swift in Sources */ = {isa = PBXBuildFile; fileRef = 235F1F132B72938E00FDD8DB /* LoginView.swift */; };
		235F1F162B73C19C00FDD8DB /* InputView.swift in Sources */ = {isa = PBXBuildFile; fileRef = 235F1F152B73C19C00FDD8DB /* InputView.swift */; };
		235F1F182B73DBE800FDD8DB /* RegistrationView.swift in Sources */ = {isa = PBXBuildFile; fileRef = 235F1F172B73DBE800FDD8DB /* RegistrationView.swift */; };
		235F1F1A2B73E99800FDD8DB /* ForgottenPasswordView.swift in Sources */ = {isa = PBXBuildFile; fileRef = 235F1F192B73E99700FDD8DB /* ForgottenPasswordView.swift */; };
		235F1F1C2B73EBB400FDD8DB /* ProfileView.swift in Sources */ = {isa = PBXBuildFile; fileRef = 235F1F1B2B73EBB400FDD8DB /* ProfileView.swift */; };
		235F1F1E2B75145700FDD8DB /* SettingsRowView.swift in Sources */ = {isa = PBXBuildFile; fileRef = 235F1F1D2B75145700FDD8DB /* SettingsRowView.swift */; };
		235F1F202B76612500FDD8DB /* User.swift in Sources */ = {isa = PBXBuildFile; fileRef = 235F1F1F2B76612400FDD8DB /* User.swift */; };
		235F1F222B7D083200FDD8DB /* GoogleService-Info.plist in Resources */ = {isa = PBXBuildFile; fileRef = 235F1F212B7D083200FDD8DB /* GoogleService-Info.plist */; };
		235F1F252B7D38E700FDD8DB /* FirebaseAnalytics in Frameworks */ = {isa = PBXBuildFile; productRef = 235F1F242B7D38E700FDD8DB /* FirebaseAnalytics */; };
		235F1F272B7D38E700FDD8DB /* FirebaseAnalyticsOnDeviceConversion in Frameworks */ = {isa = PBXBuildFile; productRef = 235F1F262B7D38E700FDD8DB /* FirebaseAnalyticsOnDeviceConversion */; };
		235F1F292B7D38E700FDD8DB /* FirebaseAnalyticsSwift in Frameworks */ = {isa = PBXBuildFile; productRef = 235F1F282B7D38E700FDD8DB /* FirebaseAnalyticsSwift */; };
		235F1F2B2B7D38E700FDD8DB /* FirebaseAnalyticsWithoutAdIdSupport in Frameworks */ = {isa = PBXBuildFile; productRef = 235F1F2A2B7D38E700FDD8DB /* FirebaseAnalyticsWithoutAdIdSupport */; };
		235F1F2D2B7D38E700FDD8DB /* FirebaseAppCheck in Frameworks */ = {isa = PBXBuildFile; productRef = 235F1F2C2B7D38E700FDD8DB /* FirebaseAppCheck */; };
		235F1F2F2B7D38E700FDD8DB /* FirebaseAppDistribution-Beta in Frameworks */ = {isa = PBXBuildFile; productRef = 235F1F2E2B7D38E700FDD8DB /* FirebaseAppDistribution-Beta */; };
		235F1F312B7D38E700FDD8DB /* FirebaseAuth in Frameworks */ = {isa = PBXBuildFile; productRef = 235F1F302B7D38E700FDD8DB /* FirebaseAuth */; };
		235F1F332B7D38E700FDD8DB /* FirebaseAuthCombine-Community in Frameworks */ = {isa = PBXBuildFile; productRef = 235F1F322B7D38E700FDD8DB /* FirebaseAuthCombine-Community */; };
		235F1F352B7D38E700FDD8DB /* FirebaseCrashlytics in Frameworks */ = {isa = PBXBuildFile; productRef = 235F1F342B7D38E700FDD8DB /* FirebaseCrashlytics */; };
		235F1F372B7D38E700FDD8DB /* FirebaseDatabase in Frameworks */ = {isa = PBXBuildFile; productRef = 235F1F362B7D38E700FDD8DB /* FirebaseDatabase */; };
		235F1F392B7D38E700FDD8DB /* FirebaseDatabaseSwift in Frameworks */ = {isa = PBXBuildFile; productRef = 235F1F382B7D38E700FDD8DB /* FirebaseDatabaseSwift */; };
		235F1F3B2B7D38E700FDD8DB /* FirebaseDynamicLinks in Frameworks */ = {isa = PBXBuildFile; productRef = 235F1F3A2B7D38E700FDD8DB /* FirebaseDynamicLinks */; };
		235F1F3D2B7D38E700FDD8DB /* FirebaseFirestore in Frameworks */ = {isa = PBXBuildFile; productRef = 235F1F3C2B7D38E700FDD8DB /* FirebaseFirestore */; };
		235F1F3F2B7D38E700FDD8DB /* FirebaseFirestoreCombine-Community in Frameworks */ = {isa = PBXBuildFile; productRef = 235F1F3E2B7D38E700FDD8DB /* FirebaseFirestoreCombine-Community */; };
		235F1F412B7D38E700FDD8DB /* FirebaseFirestoreSwift in Frameworks */ = {isa = PBXBuildFile; productRef = 235F1F402B7D38E700FDD8DB /* FirebaseFirestoreSwift */; };
		235F1F432B7D38E700FDD8DB /* FirebaseFunctions in Frameworks */ = {isa = PBXBuildFile; productRef = 235F1F422B7D38E700FDD8DB /* FirebaseFunctions */; };
		235F1F452B7D38E700FDD8DB /* FirebaseFunctionsCombine-Community in Frameworks */ = {isa = PBXBuildFile; productRef = 235F1F442B7D38E700FDD8DB /* FirebaseFunctionsCombine-Community */; };
		235F1F472B7D38E700FDD8DB /* FirebaseInAppMessaging-Beta in Frameworks */ = {isa = PBXBuildFile; productRef = 235F1F462B7D38E700FDD8DB /* FirebaseInAppMessaging-Beta */; };
		235F1F492B7D38E700FDD8DB /* FirebaseInAppMessagingSwift-Beta in Frameworks */ = {isa = PBXBuildFile; productRef = 235F1F482B7D38E700FDD8DB /* FirebaseInAppMessagingSwift-Beta */; };
		235F1F4B2B7D38E700FDD8DB /* FirebaseInstallations in Frameworks */ = {isa = PBXBuildFile; productRef = 235F1F4A2B7D38E700FDD8DB /* FirebaseInstallations */; };
		235F1F4D2B7D38E700FDD8DB /* FirebaseMLModelDownloader in Frameworks */ = {isa = PBXBuildFile; productRef = 235F1F4C2B7D38E700FDD8DB /* FirebaseMLModelDownloader */; };
		235F1F4F2B7D38E700FDD8DB /* FirebaseMessaging in Frameworks */ = {isa = PBXBuildFile; productRef = 235F1F4E2B7D38E700FDD8DB /* FirebaseMessaging */; };
		235F1F512B7D38E700FDD8DB /* FirebasePerformance in Frameworks */ = {isa = PBXBuildFile; productRef = 235F1F502B7D38E700FDD8DB /* FirebasePerformance */; };
		235F1F532B7D38E700FDD8DB /* FirebaseRemoteConfig in Frameworks */ = {isa = PBXBuildFile; productRef = 235F1F522B7D38E700FDD8DB /* FirebaseRemoteConfig */; };
		235F1F552B7D38E700FDD8DB /* FirebaseRemoteConfigSwift in Frameworks */ = {isa = PBXBuildFile; productRef = 235F1F542B7D38E700FDD8DB /* FirebaseRemoteConfigSwift */; };
		235F1F572B7D38E700FDD8DB /* FirebaseStorage in Frameworks */ = {isa = PBXBuildFile; productRef = 235F1F562B7D38E700FDD8DB /* FirebaseStorage */; };
		235F1F592B7D38E700FDD8DB /* FirebaseStorageCombine-Community in Frameworks */ = {isa = PBXBuildFile; productRef = 235F1F582B7D38E700FDD8DB /* FirebaseStorageCombine-Community */; };
		235F1F5D2B7D3E0300FDD8DB /* AuthViewModel.swift in Sources */ = {isa = PBXBuildFile; fileRef = 235F1F5C2B7D3E0300FDD8DB /* AuthViewModel.swift */; };
/* End PBXBuildFile section */

/* Begin PBXFileReference section */
		235F1EF42B728E6000FDD8DB /* CONpanion.app */ = {isa = PBXFileReference; explicitFileType = wrapper.application; includeInIndex = 0; path = CONpanion.app; sourceTree = BUILT_PRODUCTS_DIR; };
		235F1EF72B728E6000FDD8DB /* CONpanionApp.swift */ = {isa = PBXFileReference; lastKnownFileType = sourcecode.swift; path = CONpanionApp.swift; sourceTree = "<group>"; };
		235F1EF92B728E6000FDD8DB /* ContentView.swift */ = {isa = PBXFileReference; lastKnownFileType = sourcecode.swift; path = ContentView.swift; sourceTree = "<group>"; };
		235F1EFB2B728E6300FDD8DB /* Assets.xcassets */ = {isa = PBXFileReference; lastKnownFileType = folder.assetcatalog; path = Assets.xcassets; sourceTree = "<group>"; };
		235F1EFE2B728E6300FDD8DB /* Preview Assets.xcassets */ = {isa = PBXFileReference; lastKnownFileType = folder.assetcatalog; path = "Preview Assets.xcassets"; sourceTree = "<group>"; };
		235F1F132B72938E00FDD8DB /* LoginView.swift */ = {isa = PBXFileReference; lastKnownFileType = sourcecode.swift; path = LoginView.swift; sourceTree = "<group>"; };
		235F1F152B73C19C00FDD8DB /* InputView.swift */ = {isa = PBXFileReference; lastKnownFileType = sourcecode.swift; path = InputView.swift; sourceTree = "<group>"; };
		235F1F172B73DBE800FDD8DB /* RegistrationView.swift */ = {isa = PBXFileReference; lastKnownFileType = sourcecode.swift; path = RegistrationView.swift; sourceTree = "<group>"; };
		235F1F192B73E99700FDD8DB /* ForgottenPasswordView.swift */ = {isa = PBXFileReference; lastKnownFileType = sourcecode.swift; path = ForgottenPasswordView.swift; sourceTree = "<group>"; };
		235F1F1B2B73EBB400FDD8DB /* ProfileView.swift */ = {isa = PBXFileReference; lastKnownFileType = sourcecode.swift; path = ProfileView.swift; sourceTree = "<group>"; };
		235F1F1D2B75145700FDD8DB /* SettingsRowView.swift */ = {isa = PBXFileReference; lastKnownFileType = sourcecode.swift; path = SettingsRowView.swift; sourceTree = "<group>"; };
		235F1F1F2B76612400FDD8DB /* User.swift */ = {isa = PBXFileReference; lastKnownFileType = sourcecode.swift; path = User.swift; sourceTree = "<group>"; };
		235F1F212B7D083200FDD8DB /* GoogleService-Info.plist */ = {isa = PBXFileReference; fileEncoding = 4; lastKnownFileType = text.plist.xml; path = "GoogleService-Info.plist"; sourceTree = "<group>"; };
		235F1F5C2B7D3E0300FDD8DB /* AuthViewModel.swift */ = {isa = PBXFileReference; lastKnownFileType = sourcecode.swift; path = AuthViewModel.swift; sourceTree = "<group>"; };
/* End PBXFileReference section */

/* Begin PBXFrameworksBuildPhase section */
		235F1EF12B728E6000FDD8DB /* Frameworks */ = {
			isa = PBXFrameworksBuildPhase;
			buildActionMask = 2147483647;
			files = (
				235F1F372B7D38E700FDD8DB /* FirebaseDatabase in Frameworks */,
				235F1F452B7D38E700FDD8DB /* FirebaseFunctionsCombine-Community in Frameworks */,
				235F1F3D2B7D38E700FDD8DB /* FirebaseFirestore in Frameworks */,
				235F1F292B7D38E700FDD8DB /* FirebaseAnalyticsSwift in Frameworks */,
				235F1F252B7D38E700FDD8DB /* FirebaseAnalytics in Frameworks */,
				235F1F272B7D38E700FDD8DB /* FirebaseAnalyticsOnDeviceConversion in Frameworks */,
				235F1F4D2B7D38E700FDD8DB /* FirebaseMLModelDownloader in Frameworks */,
				235F1F412B7D38E700FDD8DB /* FirebaseFirestoreSwift in Frameworks */,
				235F1F2D2B7D38E700FDD8DB /* FirebaseAppCheck in Frameworks */,
				235F1F2B2B7D38E700FDD8DB /* FirebaseAnalyticsWithoutAdIdSupport in Frameworks */,
				235F1F312B7D38E700FDD8DB /* FirebaseAuth in Frameworks */,
				235F1F352B7D38E700FDD8DB /* FirebaseCrashlytics in Frameworks */,
				235F1F552B7D38E700FDD8DB /* FirebaseRemoteConfigSwift in Frameworks */,
				235F1F472B7D38E700FDD8DB /* FirebaseInAppMessaging-Beta in Frameworks */,
				235F1F392B7D38E700FDD8DB /* FirebaseDatabaseSwift in Frameworks */,
				235F1F432B7D38E700FDD8DB /* FirebaseFunctions in Frameworks */,
				235F1F592B7D38E700FDD8DB /* FirebaseStorageCombine-Community in Frameworks */,
				235F1F532B7D38E700FDD8DB /* FirebaseRemoteConfig in Frameworks */,
				235F1F2F2B7D38E700FDD8DB /* FirebaseAppDistribution-Beta in Frameworks */,
				235F1F332B7D38E700FDD8DB /* FirebaseAuthCombine-Community in Frameworks */,
				235F1F512B7D38E700FDD8DB /* FirebasePerformance in Frameworks */,
				235F1F492B7D38E700FDD8DB /* FirebaseInAppMessagingSwift-Beta in Frameworks */,
				235F1F572B7D38E700FDD8DB /* FirebaseStorage in Frameworks */,
				235F1F3B2B7D38E700FDD8DB /* FirebaseDynamicLinks in Frameworks */,
				235F1F3F2B7D38E700FDD8DB /* FirebaseFirestoreCombine-Community in Frameworks */,
				235F1F4F2B7D38E700FDD8DB /* FirebaseMessaging in Frameworks */,
				235F1F4B2B7D38E700FDD8DB /* FirebaseInstallations in Frameworks */,
			);
			runOnlyForDeploymentPostprocessing = 0;
		};
/* End PBXFrameworksBuildPhase section */

/* Begin PBXGroup section */
		235F1EEB2B728E5F00FDD8DB = {
			isa = PBXGroup;
			children = (
				235F1EF62B728E6000FDD8DB /* CONpanion */,
				235F1EF52B728E6000FDD8DB /* Products */,
			);
			sourceTree = "<group>";
		};
		235F1EF52B728E6000FDD8DB /* Products */ = {
			isa = PBXGroup;
			children = (
				235F1EF42B728E6000FDD8DB /* CONpanion.app */,
			);
			name = Products;
			sourceTree = "<group>";
		};
		235F1EF62B728E6000FDD8DB /* CONpanion */ = {
			isa = PBXGroup;
			children = (
				235F1F0C2B7290E100FDD8DB /* App */,
				235F1F0D2B7290E900FDD8DB /* Components */,
				235F1F0E2B72911C00FDD8DB /* Core */,
				235F1F0F2B72912600FDD8DB /* Model */,
				235F1EFB2B728E6300FDD8DB /* Assets.xcassets */,
				235F1F212B7D083200FDD8DB /* GoogleService-Info.plist */,
				235F1EFD2B728E6300FDD8DB /* Preview Content */,
			);
			path = CONpanion;
			sourceTree = "<group>";
		};
		235F1EFD2B728E6300FDD8DB /* Preview Content */ = {
			isa = PBXGroup;
			children = (
				235F1EFE2B728E6300FDD8DB /* Preview Assets.xcassets */,
			);
			path = "Preview Content";
			sourceTree = "<group>";
		};
		235F1F0C2B7290E100FDD8DB /* App */ = {
			isa = PBXGroup;
			children = (
				235F1EF72B728E6000FDD8DB /* CONpanionApp.swift */,
			);
			path = App;
			sourceTree = "<group>";
		};
		235F1F0D2B7290E900FDD8DB /* Components */ = {
			isa = PBXGroup;
			children = (
				235F1F152B73C19C00FDD8DB /* InputView.swift */,
				235F1F1D2B75145700FDD8DB /* SettingsRowView.swift */,
			);
			path = Components;
			sourceTree = "<group>";
		};
		235F1F0E2B72911C00FDD8DB /* Core */ = {
			isa = PBXGroup;
			children = (
				235F1F112B72919600FDD8DB /* Authentication */,
				235F1F122B7291A500FDD8DB /* Profile */,
				235F1F102B72917A00FDD8DB /* Root */,
			);
			path = Core;
			sourceTree = "<group>";
		};
		235F1F0F2B72912600FDD8DB /* Model */ = {
			isa = PBXGroup;
			children = (
				235F1F1F2B76612400FDD8DB /* User.swift */,
			);
			path = Model;
			sourceTree = "<group>";
		};
		235F1F102B72917A00FDD8DB /* Root */ = {
			isa = PBXGroup;
			children = (
				235F1EF92B728E6000FDD8DB /* ContentView.swift */,
			);
			path = Root;
			sourceTree = "<group>";
		};
		235F1F112B72919600FDD8DB /* Authentication */ = {
			isa = PBXGroup;
			children = (
				235F1F5A2B7D397A00FDD8DB /* View */,
				235F1F5B2B7D398800FDD8DB /* ViewModel */,
			);
			path = Authentication;
			sourceTree = "<group>";
		};
		235F1F122B7291A500FDD8DB /* Profile */ = {
			isa = PBXGroup;
			children = (
				235F1F1B2B73EBB400FDD8DB /* ProfileView.swift */,
			);
			path = Profile;
			sourceTree = "<group>";
		};
		235F1F5A2B7D397A00FDD8DB /* View */ = {
			isa = PBXGroup;
			children = (
				235F1F132B72938E00FDD8DB /* LoginView.swift */,
				235F1F172B73DBE800FDD8DB /* RegistrationView.swift */,
				235F1F192B73E99700FDD8DB /* ForgottenPasswordView.swift */,
			);
			path = View;
			sourceTree = "<group>";
		};
		235F1F5B2B7D398800FDD8DB /* ViewModel */ = {
			isa = PBXGroup;
			children = (
				235F1F5C2B7D3E0300FDD8DB /* AuthViewModel.swift */,
			);
			path = ViewModel;
			sourceTree = "<group>";
		};
/* End PBXGroup section */

/* Begin PBXNativeTarget section */
		235F1EF32B728E6000FDD8DB /* CONpanion */ = {
			isa = PBXNativeTarget;
			buildConfigurationList = 235F1F022B728E6300FDD8DB /* Build configuration list for PBXNativeTarget "CONpanion" */;
			buildPhases = (
				235F1EF02B728E6000FDD8DB /* Sources */,
				235F1EF12B728E6000FDD8DB /* Frameworks */,
				235F1EF22B728E6000FDD8DB /* Resources */,
			);
			buildRules = (
			);
			dependencies = (
			);
			name = CONpanion;
			packageProductDependencies = (
				235F1F242B7D38E700FDD8DB /* FirebaseAnalytics */,
				235F1F262B7D38E700FDD8DB /* FirebaseAnalyticsOnDeviceConversion */,
				235F1F282B7D38E700FDD8DB /* FirebaseAnalyticsSwift */,
				235F1F2A2B7D38E700FDD8DB /* FirebaseAnalyticsWithoutAdIdSupport */,
				235F1F2C2B7D38E700FDD8DB /* FirebaseAppCheck */,
				235F1F2E2B7D38E700FDD8DB /* FirebaseAppDistribution-Beta */,
				235F1F302B7D38E700FDD8DB /* FirebaseAuth */,
				235F1F322B7D38E700FDD8DB /* FirebaseAuthCombine-Community */,
				235F1F342B7D38E700FDD8DB /* FirebaseCrashlytics */,
				235F1F362B7D38E700FDD8DB /* FirebaseDatabase */,
				235F1F382B7D38E700FDD8DB /* FirebaseDatabaseSwift */,
				235F1F3A2B7D38E700FDD8DB /* FirebaseDynamicLinks */,
				235F1F3C2B7D38E700FDD8DB /* FirebaseFirestore */,
				235F1F3E2B7D38E700FDD8DB /* FirebaseFirestoreCombine-Community */,
				235F1F402B7D38E700FDD8DB /* FirebaseFirestoreSwift */,
				235F1F422B7D38E700FDD8DB /* FirebaseFunctions */,
				235F1F442B7D38E700FDD8DB /* FirebaseFunctionsCombine-Community */,
				235F1F462B7D38E700FDD8DB /* FirebaseInAppMessaging-Beta */,
				235F1F482B7D38E700FDD8DB /* FirebaseInAppMessagingSwift-Beta */,
				235F1F4A2B7D38E700FDD8DB /* FirebaseInstallations */,
				235F1F4C2B7D38E700FDD8DB /* FirebaseMLModelDownloader */,
				235F1F4E2B7D38E700FDD8DB /* FirebaseMessaging */,
				235F1F502B7D38E700FDD8DB /* FirebasePerformance */,
				235F1F522B7D38E700FDD8DB /* FirebaseRemoteConfig */,
				235F1F542B7D38E700FDD8DB /* FirebaseRemoteConfigSwift */,
				235F1F562B7D38E700FDD8DB /* FirebaseStorage */,
				235F1F582B7D38E700FDD8DB /* FirebaseStorageCombine-Community */,
			);
			productName = CONpanion;
			productReference = 235F1EF42B728E6000FDD8DB /* CONpanion.app */;
			productType = "com.apple.product-type.application";
		};
/* End PBXNativeTarget section */

/* Begin PBXProject section */
		235F1EEC2B728E5F00FDD8DB /* Project object */ = {
			isa = PBXProject;
			attributes = {
				BuildIndependentTargetsInParallel = 1;
				LastSwiftUpdateCheck = 1520;
				LastUpgradeCheck = 1520;
				TargetAttributes = {
					235F1EF32B728E6000FDD8DB = {
						CreatedOnToolsVersion = 15.2;
					};
				};
			};
			buildConfigurationList = 235F1EEF2B728E5F00FDD8DB /* Build configuration list for PBXProject "CONpanion" */;
			compatibilityVersion = "Xcode 14.0";
			developmentRegion = en;
			hasScannedForEncodings = 0;
			knownRegions = (
				en,
				Base,
			);
			mainGroup = 235F1EEB2B728E5F00FDD8DB;
			packageReferences = (
				235F1F232B7D38E700FDD8DB /* XCRemoteSwiftPackageReference "firebase-ios-sdk" */,
			);
			productRefGroup = 235F1EF52B728E6000FDD8DB /* Products */;
			projectDirPath = "";
			projectRoot = "";
			targets = (
				235F1EF32B728E6000FDD8DB /* CONpanion */,
			);
		};
/* End PBXProject section */

/* Begin PBXResourcesBuildPhase section */
		235F1EF22B728E6000FDD8DB /* Resources */ = {
			isa = PBXResourcesBuildPhase;
			buildActionMask = 2147483647;
			files = (
				235F1EFF2B728E6300FDD8DB /* Preview Assets.xcassets in Resources */,
				235F1EFC2B728E6300FDD8DB /* Assets.xcassets in Resources */,
				235F1F222B7D083200FDD8DB /* GoogleService-Info.plist in Resources */,
			);
			runOnlyForDeploymentPostprocessing = 0;
		};
/* End PBXResourcesBuildPhase section */

/* Begin PBXSourcesBuildPhase section */
		235F1EF02B728E6000FDD8DB /* Sources */ = {
			isa = PBXSourcesBuildPhase;
			buildActionMask = 2147483647;
			files = (
				235F1F5D2B7D3E0300FDD8DB /* AuthViewModel.swift in Sources */,
				235F1F1A2B73E99800FDD8DB /* ForgottenPasswordView.swift in Sources */,
				235F1F142B72938E00FDD8DB /* LoginView.swift in Sources */,
				235F1F162B73C19C00FDD8DB /* InputView.swift in Sources */,
				235F1EFA2B728E6000FDD8DB /* ContentView.swift in Sources */,
				235F1F1E2B75145700FDD8DB /* SettingsRowView.swift in Sources */,
				235F1F202B76612500FDD8DB /* User.swift in Sources */,
				235F1EF82B728E6000FDD8DB /* CONpanionApp.swift in Sources */,
				235F1F1C2B73EBB400FDD8DB /* ProfileView.swift in Sources */,
				235F1F182B73DBE800FDD8DB /* RegistrationView.swift in Sources */,
			);
			runOnlyForDeploymentPostprocessing = 0;
		};
/* End PBXSourcesBuildPhase section */

/* Begin XCBuildConfiguration section */
		235F1F002B728E6300FDD8DB /* Debug */ = {
			isa = XCBuildConfiguration;
			buildSettings = {
				ALWAYS_SEARCH_USER_PATHS = NO;
				ASSETCATALOG_COMPILER_GENERATE_SWIFT_ASSET_SYMBOL_EXTENSIONS = YES;
				CLANG_ANALYZER_NONNULL = YES;
				CLANG_ANALYZER_NUMBER_OBJECT_CONVERSION = YES_AGGRESSIVE;
				CLANG_CXX_LANGUAGE_STANDARD = "gnu++20";
				CLANG_ENABLE_MODULES = YES;
				CLANG_ENABLE_OBJC_ARC = YES;
				CLANG_ENABLE_OBJC_WEAK = YES;
				CLANG_WARN_BLOCK_CAPTURE_AUTORELEASING = YES;
				CLANG_WARN_BOOL_CONVERSION = YES;
				CLANG_WARN_COMMA = YES;
				CLANG_WARN_CONSTANT_CONVERSION = YES;
				CLANG_WARN_DEPRECATED_OBJC_IMPLEMENTATIONS = YES;
				CLANG_WARN_DIRECT_OBJC_ISA_USAGE = YES_ERROR;
				CLANG_WARN_DOCUMENTATION_COMMENTS = YES;
				CLANG_WARN_EMPTY_BODY = YES;
				CLANG_WARN_ENUM_CONVERSION = YES;
				CLANG_WARN_INFINITE_RECURSION = YES;
				CLANG_WARN_INT_CONVERSION = YES;
				CLANG_WARN_NON_LITERAL_NULL_CONVERSION = YES;
				CLANG_WARN_OBJC_IMPLICIT_RETAIN_SELF = YES;
				CLANG_WARN_OBJC_LITERAL_CONVERSION = YES;
				CLANG_WARN_OBJC_ROOT_CLASS = YES_ERROR;
				CLANG_WARN_QUOTED_INCLUDE_IN_FRAMEWORK_HEADER = YES;
				CLANG_WARN_RANGE_LOOP_ANALYSIS = YES;
				CLANG_WARN_STRICT_PROTOTYPES = YES;
				CLANG_WARN_SUSPICIOUS_MOVE = YES;
				CLANG_WARN_UNGUARDED_AVAILABILITY = YES_AGGRESSIVE;
				CLANG_WARN_UNREACHABLE_CODE = YES;
				CLANG_WARN__DUPLICATE_METHOD_MATCH = YES;
				COPY_PHASE_STRIP = NO;
				DEBUG_INFORMATION_FORMAT = dwarf;
				ENABLE_STRICT_OBJC_MSGSEND = YES;
				ENABLE_TESTABILITY = YES;
				ENABLE_USER_SCRIPT_SANDBOXING = YES;
				GCC_C_LANGUAGE_STANDARD = gnu17;
				GCC_DYNAMIC_NO_PIC = NO;
				GCC_NO_COMMON_BLOCKS = YES;
				GCC_OPTIMIZATION_LEVEL = 0;
				GCC_PREPROCESSOR_DEFINITIONS = (
					"DEBUG=1",
					"$(inherited)",
				);
				GCC_WARN_64_TO_32_BIT_CONVERSION = YES;
				GCC_WARN_ABOUT_RETURN_TYPE = YES_ERROR;
				GCC_WARN_UNDECLARED_SELECTOR = YES;
				GCC_WARN_UNINITIALIZED_AUTOS = YES_AGGRESSIVE;
				GCC_WARN_UNUSED_FUNCTION = YES;
				GCC_WARN_UNUSED_VARIABLE = YES;
				IPHONEOS_DEPLOYMENT_TARGET = 17.2;
				LOCALIZATION_PREFERS_STRING_CATALOGS = YES;
				MTL_ENABLE_DEBUG_INFO = INCLUDE_SOURCE;
				MTL_FAST_MATH = YES;
				ONLY_ACTIVE_ARCH = YES;
				SDKROOT = iphoneos;
				SWIFT_ACTIVE_COMPILATION_CONDITIONS = "DEBUG $(inherited)";
				SWIFT_OPTIMIZATION_LEVEL = "-Onone";
			};
			name = Debug;
		};
		235F1F012B728E6300FDD8DB /* Release */ = {
			isa = XCBuildConfiguration;
			buildSettings = {
				ALWAYS_SEARCH_USER_PATHS = NO;
				ASSETCATALOG_COMPILER_GENERATE_SWIFT_ASSET_SYMBOL_EXTENSIONS = YES;
				CLANG_ANALYZER_NONNULL = YES;
				CLANG_ANALYZER_NUMBER_OBJECT_CONVERSION = YES_AGGRESSIVE;
				CLANG_CXX_LANGUAGE_STANDARD = "gnu++20";
				CLANG_ENABLE_MODULES = YES;
				CLANG_ENABLE_OBJC_ARC = YES;
				CLANG_ENABLE_OBJC_WEAK = YES;
				CLANG_WARN_BLOCK_CAPTURE_AUTORELEASING = YES;
				CLANG_WARN_BOOL_CONVERSION = YES;
				CLANG_WARN_COMMA = YES;
				CLANG_WARN_CONSTANT_CONVERSION = YES;
				CLANG_WARN_DEPRECATED_OBJC_IMPLEMENTATIONS = YES;
				CLANG_WARN_DIRECT_OBJC_ISA_USAGE = YES_ERROR;
				CLANG_WARN_DOCUMENTATION_COMMENTS = YES;
				CLANG_WARN_EMPTY_BODY = YES;
				CLANG_WARN_ENUM_CONVERSION = YES;
				CLANG_WARN_INFINITE_RECURSION = YES;
				CLANG_WARN_INT_CONVERSION = YES;
				CLANG_WARN_NON_LITERAL_NULL_CONVERSION = YES;
				CLANG_WARN_OBJC_IMPLICIT_RETAIN_SELF = YES;
				CLANG_WARN_OBJC_LITERAL_CONVERSION = YES;
				CLANG_WARN_OBJC_ROOT_CLASS = YES_ERROR;
				CLANG_WARN_QUOTED_INCLUDE_IN_FRAMEWORK_HEADER = YES;
				CLANG_WARN_RANGE_LOOP_ANALYSIS = YES;
				CLANG_WARN_STRICT_PROTOTYPES = YES;
				CLANG_WARN_SUSPICIOUS_MOVE = YES;
				CLANG_WARN_UNGUARDED_AVAILABILITY = YES_AGGRESSIVE;
				CLANG_WARN_UNREACHABLE_CODE = YES;
				CLANG_WARN__DUPLICATE_METHOD_MATCH = YES;
				COPY_PHASE_STRIP = NO;
				DEBUG_INFORMATION_FORMAT = "dwarf-with-dsym";
				ENABLE_NS_ASSERTIONS = NO;
				ENABLE_STRICT_OBJC_MSGSEND = YES;
				ENABLE_USER_SCRIPT_SANDBOXING = YES;
				GCC_C_LANGUAGE_STANDARD = gnu17;
				GCC_NO_COMMON_BLOCKS = YES;
				GCC_WARN_64_TO_32_BIT_CONVERSION = YES;
				GCC_WARN_ABOUT_RETURN_TYPE = YES_ERROR;
				GCC_WARN_UNDECLARED_SELECTOR = YES;
				GCC_WARN_UNINITIALIZED_AUTOS = YES_AGGRESSIVE;
				GCC_WARN_UNUSED_FUNCTION = YES;
				GCC_WARN_UNUSED_VARIABLE = YES;
				IPHONEOS_DEPLOYMENT_TARGET = 17.2;
				LOCALIZATION_PREFERS_STRING_CATALOGS = YES;
				MTL_ENABLE_DEBUG_INFO = NO;
				MTL_FAST_MATH = YES;
				SDKROOT = iphoneos;
				SWIFT_COMPILATION_MODE = wholemodule;
				VALIDATE_PRODUCT = YES;
			};
			name = Release;
		};
		235F1F032B728E6300FDD8DB /* Debug */ = {
			isa = XCBuildConfiguration;
			buildSettings = {
				ASSETCATALOG_COMPILER_APPICON_NAME = AppIcon;
				ASSETCATALOG_COMPILER_GLOBAL_ACCENT_COLOR_NAME = AccentColor;
				CODE_SIGN_STYLE = Automatic;
				CURRENT_PROJECT_VERSION = 1;
				DEVELOPMENT_ASSET_PATHS = "\"CONpanion/Preview Content\"";
				ENABLE_PREVIEWS = YES;
				GENERATE_INFOPLIST_FILE = YES;
				INFOPLIST_KEY_UIApplicationSceneManifest_Generation = YES;
				INFOPLIST_KEY_UIApplicationSupportsIndirectInputEvents = YES;
				INFOPLIST_KEY_UILaunchScreen_Generation = YES;
				INFOPLIST_KEY_UISupportedInterfaceOrientations_iPad = "UIInterfaceOrientationPortrait UIInterfaceOrientationPortraitUpsideDown UIInterfaceOrientationLandscapeLeft UIInterfaceOrientationLandscapeRight";
				INFOPLIST_KEY_UISupportedInterfaceOrientations_iPhone = "UIInterfaceOrientationPortrait UIInterfaceOrientationLandscapeLeft UIInterfaceOrientationLandscapeRight";
				LD_RUNPATH_SEARCH_PATHS = (
					"$(inherited)",
					"@executable_path/Frameworks",
				);
				MARKETING_VERSION = 1.0;
				PRODUCT_BUNDLE_IDENTIFIER = jmccarthy.CONpanion;
				PRODUCT_NAME = "$(TARGET_NAME)";
				SWIFT_EMIT_LOC_STRINGS = YES;
				SWIFT_VERSION = 5.0;
				TARGETED_DEVICE_FAMILY = "1,2";
			};
			name = Debug;
		};
		235F1F042B728E6300FDD8DB /* Release */ = {
			isa = XCBuildConfiguration;
			buildSettings = {
				ASSETCATALOG_COMPILER_APPICON_NAME = AppIcon;
				ASSETCATALOG_COMPILER_GLOBAL_ACCENT_COLOR_NAME = AccentColor;
				CODE_SIGN_STYLE = Automatic;
				CURRENT_PROJECT_VERSION = 1;
				DEVELOPMENT_ASSET_PATHS = "\"CONpanion/Preview Content\"";
				ENABLE_PREVIEWS = YES;
				GENERATE_INFOPLIST_FILE = YES;
				INFOPLIST_KEY_UIApplicationSceneManifest_Generation = YES;
				INFOPLIST_KEY_UIApplicationSupportsIndirectInputEvents = YES;
				INFOPLIST_KEY_UILaunchScreen_Generation = YES;
				INFOPLIST_KEY_UISupportedInterfaceOrientations_iPad = "UIInterfaceOrientationPortrait UIInterfaceOrientationPortraitUpsideDown UIInterfaceOrientationLandscapeLeft UIInterfaceOrientationLandscapeRight";
				INFOPLIST_KEY_UISupportedInterfaceOrientations_iPhone = "UIInterfaceOrientationPortrait UIInterfaceOrientationLandscapeLeft UIInterfaceOrientationLandscapeRight";
				LD_RUNPATH_SEARCH_PATHS = (
					"$(inherited)",
					"@executable_path/Frameworks",
				);
				MARKETING_VERSION = 1.0;
				PRODUCT_BUNDLE_IDENTIFIER = jmccarthy.CONpanion;
				PRODUCT_NAME = "$(TARGET_NAME)";
				SWIFT_EMIT_LOC_STRINGS = YES;
				SWIFT_VERSION = 5.0;
				TARGETED_DEVICE_FAMILY = "1,2";
			};
			name = Release;
		};
/* End XCBuildConfiguration section */

/* Begin XCConfigurationList section */
		235F1EEF2B728E5F00FDD8DB /* Build configuration list for PBXProject "CONpanion" */ = {
			isa = XCConfigurationList;
			buildConfigurations = (
				235F1F002B728E6300FDD8DB /* Debug */,
				235F1F012B728E6300FDD8DB /* Release */,
			);
			defaultConfigurationIsVisible = 0;
			defaultConfigurationName = Release;
		};
		235F1F022B728E6300FDD8DB /* Build configuration list for PBXNativeTarget "CONpanion" */ = {
			isa = XCConfigurationList;
			buildConfigurations = (
				235F1F032B728E6300FDD8DB /* Debug */,
				235F1F042B728E6300FDD8DB /* Release */,
			);
			defaultConfigurationIsVisible = 0;
			defaultConfigurationName = Release;
		};
/* End XCConfigurationList section */

/* Begin XCRemoteSwiftPackageReference section */
		235F1F232B7D38E700FDD8DB /* XCRemoteSwiftPackageReference "firebase-ios-sdk" */ = {
			isa = XCRemoteSwiftPackageReference;
			repositoryURL = "https://github.com/firebase/firebase-ios-sdk.git";
			requirement = {
				kind = upToNextMajorVersion;
				minimumVersion = 10.21.0;
			};
		};
/* End XCRemoteSwiftPackageReference section */

/* Begin XCSwiftPackageProductDependency section */
		235F1F242B7D38E700FDD8DB /* FirebaseAnalytics */ = {
			isa = XCSwiftPackageProductDependency;
			package = 235F1F232B7D38E700FDD8DB /* XCRemoteSwiftPackageReference "firebase-ios-sdk" */;
			productName = FirebaseAnalytics;
		};
		235F1F262B7D38E700FDD8DB /* FirebaseAnalyticsOnDeviceConversion */ = {
			isa = XCSwiftPackageProductDependency;
			package = 235F1F232B7D38E700FDD8DB /* XCRemoteSwiftPackageReference "firebase-ios-sdk" */;
			productName = FirebaseAnalyticsOnDeviceConversion;
		};
		235F1F282B7D38E700FDD8DB /* FirebaseAnalyticsSwift */ = {
			isa = XCSwiftPackageProductDependency;
			package = 235F1F232B7D38E700FDD8DB /* XCRemoteSwiftPackageReference "firebase-ios-sdk" */;
			productName = FirebaseAnalyticsSwift;
		};
		235F1F2A2B7D38E700FDD8DB /* FirebaseAnalyticsWithoutAdIdSupport */ = {
			isa = XCSwiftPackageProductDependency;
			package = 235F1F232B7D38E700FDD8DB /* XCRemoteSwiftPackageReference "firebase-ios-sdk" */;
			productName = FirebaseAnalyticsWithoutAdIdSupport;
		};
		235F1F2C2B7D38E700FDD8DB /* FirebaseAppCheck */ = {
			isa = XCSwiftPackageProductDependency;
			package = 235F1F232B7D38E700FDD8DB /* XCRemoteSwiftPackageReference "firebase-ios-sdk" */;
			productName = FirebaseAppCheck;
		};
		235F1F2E2B7D38E700FDD8DB /* FirebaseAppDistribution-Beta */ = {
			isa = XCSwiftPackageProductDependency;
			package = 235F1F232B7D38E700FDD8DB /* XCRemoteSwiftPackageReference "firebase-ios-sdk" */;
			productName = "FirebaseAppDistribution-Beta";
		};
		235F1F302B7D38E700FDD8DB /* FirebaseAuth */ = {
			isa = XCSwiftPackageProductDependency;
			package = 235F1F232B7D38E700FDD8DB /* XCRemoteSwiftPackageReference "firebase-ios-sdk" */;
			productName = FirebaseAuth;
		};
		235F1F322B7D38E700FDD8DB /* FirebaseAuthCombine-Community */ = {
			isa = XCSwiftPackageProductDependency;
			package = 235F1F232B7D38E700FDD8DB /* XCRemoteSwiftPackageReference "firebase-ios-sdk" */;
			productName = "FirebaseAuthCombine-Community";
		};
		235F1F342B7D38E700FDD8DB /* FirebaseCrashlytics */ = {
			isa = XCSwiftPackageProductDependency;
			package = 235F1F232B7D38E700FDD8DB /* XCRemoteSwiftPackageReference "firebase-ios-sdk" */;
			productName = FirebaseCrashlytics;
		};
		235F1F362B7D38E700FDD8DB /* FirebaseDatabase */ = {
			isa = XCSwiftPackageProductDependency;
			package = 235F1F232B7D38E700FDD8DB /* XCRemoteSwiftPackageReference "firebase-ios-sdk" */;
			productName = FirebaseDatabase;
		};
		235F1F382B7D38E700FDD8DB /* FirebaseDatabaseSwift */ = {
			isa = XCSwiftPackageProductDependency;
			package = 235F1F232B7D38E700FDD8DB /* XCRemoteSwiftPackageReference "firebase-ios-sdk" */;
			productName = FirebaseDatabaseSwift;
		};
		235F1F3A2B7D38E700FDD8DB /* FirebaseDynamicLinks */ = {
			isa = XCSwiftPackageProductDependency;
			package = 235F1F232B7D38E700FDD8DB /* XCRemoteSwiftPackageReference "firebase-ios-sdk" */;
			productName = FirebaseDynamicLinks;
		};
		235F1F3C2B7D38E700FDD8DB /* FirebaseFirestore */ = {
			isa = XCSwiftPackageProductDependency;
			package = 235F1F232B7D38E700FDD8DB /* XCRemoteSwiftPackageReference "firebase-ios-sdk" */;
			productName = FirebaseFirestore;
		};
		235F1F3E2B7D38E700FDD8DB /* FirebaseFirestoreCombine-Community */ = {
			isa = XCSwiftPackageProductDependency;
			package = 235F1F232B7D38E700FDD8DB /* XCRemoteSwiftPackageReference "firebase-ios-sdk" */;
			productName = "FirebaseFirestoreCombine-Community";
		};
		235F1F402B7D38E700FDD8DB /* FirebaseFirestoreSwift */ = {
			isa = XCSwiftPackageProductDependency;
			package = 235F1F232B7D38E700FDD8DB /* XCRemoteSwiftPackageReference "firebase-ios-sdk" */;
			productName = FirebaseFirestoreSwift;
		};
		235F1F422B7D38E700FDD8DB /* FirebaseFunctions */ = {
			isa = XCSwiftPackageProductDependency;
			package = 235F1F232B7D38E700FDD8DB /* XCRemoteSwiftPackageReference "firebase-ios-sdk" */;
			productName = FirebaseFunctions;
		};
		235F1F442B7D38E700FDD8DB /* FirebaseFunctionsCombine-Community */ = {
			isa = XCSwiftPackageProductDependency;
			package = 235F1F232B7D38E700FDD8DB /* XCRemoteSwiftPackageReference "firebase-ios-sdk" */;
			productName = "FirebaseFunctionsCombine-Community";
		};
		235F1F462B7D38E700FDD8DB /* FirebaseInAppMessaging-Beta */ = {
			isa = XCSwiftPackageProductDependency;
			package = 235F1F232B7D38E700FDD8DB /* XCRemoteSwiftPackageReference "firebase-ios-sdk" */;
			productName = "FirebaseInAppMessaging-Beta";
		};
		235F1F482B7D38E700FDD8DB /* FirebaseInAppMessagingSwift-Beta */ = {
			isa = XCSwiftPackageProductDependency;
			package = 235F1F232B7D38E700FDD8DB /* XCRemoteSwiftPackageReference "firebase-ios-sdk" */;
			productName = "FirebaseInAppMessagingSwift-Beta";
		};
		235F1F4A2B7D38E700FDD8DB /* FirebaseInstallations */ = {
			isa = XCSwiftPackageProductDependency;
			package = 235F1F232B7D38E700FDD8DB /* XCRemoteSwiftPackageReference "firebase-ios-sdk" */;
			productName = FirebaseInstallations;
		};
		235F1F4C2B7D38E700FDD8DB /* FirebaseMLModelDownloader */ = {
			isa = XCSwiftPackageProductDependency;
			package = 235F1F232B7D38E700FDD8DB /* XCRemoteSwiftPackageReference "firebase-ios-sdk" */;
			productName = FirebaseMLModelDownloader;
		};
		235F1F4E2B7D38E700FDD8DB /* FirebaseMessaging */ = {
			isa = XCSwiftPackageProductDependency;
			package = 235F1F232B7D38E700FDD8DB /* XCRemoteSwiftPackageReference "firebase-ios-sdk" */;
			productName = FirebaseMessaging;
		};
		235F1F502B7D38E700FDD8DB /* FirebasePerformance */ = {
			isa = XCSwiftPackageProductDependency;
			package = 235F1F232B7D38E700FDD8DB /* XCRemoteSwiftPackageReference "firebase-ios-sdk" */;
			productName = FirebasePerformance;
		};
		235F1F522B7D38E700FDD8DB /* FirebaseRemoteConfig */ = {
			isa = XCSwiftPackageProductDependency;
			package = 235F1F232B7D38E700FDD8DB /* XCRemoteSwiftPackageReference "firebase-ios-sdk" */;
			productName = FirebaseRemoteConfig;
		};
		235F1F542B7D38E700FDD8DB /* FirebaseRemoteConfigSwift */ = {
			isa = XCSwiftPackageProductDependency;
			package = 235F1F232B7D38E700FDD8DB /* XCRemoteSwiftPackageReference "firebase-ios-sdk" */;
			productName = FirebaseRemoteConfigSwift;
		};
		235F1F562B7D38E700FDD8DB /* FirebaseStorage */ = {
			isa = XCSwiftPackageProductDependency;
			package = 235F1F232B7D38E700FDD8DB /* XCRemoteSwiftPackageReference "firebase-ios-sdk" */;
			productName = FirebaseStorage;
		};
		235F1F582B7D38E700FDD8DB /* FirebaseStorageCombine-Community */ = {
			isa = XCSwiftPackageProductDependency;
			package = 235F1F232B7D38E700FDD8DB /* XCRemoteSwiftPackageReference "firebase-ios-sdk" */;
			productName = "FirebaseStorageCombine-Community";
		};
/* End XCSwiftPackageProductDependency section */
	};
	rootObject = 235F1EEC2B728E5F00FDD8DB /* Project object */;
}
