// !$*UTF8*$!
{
	archiveVersion = 1;
	classes = {
	};
	objectVersion = 56;
	objects = {

/* Begin PBXBuildFile section */
		235F1EF82B728E6000FDD8DB /* CONpanionApp.swift in Sources */ = {isa = PBXBuildFile; fileRef = 235F1EF72B728E6000FDD8DB /* CONpanionApp.swift */; };
		235F1EFA2B728E6000FDD8DB /* ContentView.swift in Sources */ = {isa = PBXBuildFile; fileRef = 235F1EF92B728E6000FDD8DB /* ContentView.swift */; };
		235F1EFC2B728E6300FDD8DB /* Assets.xcassets in Resources */ = {isa = PBXBuildFile; fileRef = 235F1EFB2B728E6300FDD8DB /* Assets.xcassets */; };
		235F1EFF2B728E6300FDD8DB /* Preview Assets.xcassets in Resources */ = {isa = PBXBuildFile; fileRef = 235F1EFE2B728E6300FDD8DB /* Preview Assets.xcassets */; };
		235F1F142B72938E00FDD8DB /* LoginView.swift in Sources */ = {isa = PBXBuildFile; fileRef = 235F1F132B72938E00FDD8DB /* LoginView.swift */; };
		235F1F162B73C19C00FDD8DB /* InputView.swift in Sources */ = {isa = PBXBuildFile; fileRef = 235F1F152B73C19C00FDD8DB /* InputView.swift */; };
		235F1F182B73DBE800FDD8DB /* RegistrationView.swift in Sources */ = {isa = PBXBuildFile; fileRef = 235F1F172B73DBE800FDD8DB /* RegistrationView.swift */; };
		235F1F1A2B73E99800FDD8DB /* ForgottenPasswordView.swift in Sources */ = {isa = PBXBuildFile; fileRef = 235F1F192B73E99700FDD8DB /* ForgottenPasswordView.swift */; };
		235F1F1C2B73EBB400FDD8DB /* ProfileView.swift in Sources */ = {isa = PBXBuildFile; fileRef = 235F1F1B2B73EBB400FDD8DB /* ProfileView.swift */; };
/* End PBXBuildFile section */

/* Begin PBXFileReference section */
		235F1EF42B728E6000FDD8DB /* CONpanion.app */ = {isa = PBXFileReference; explicitFileType = wrapper.application; includeInIndex = 0; path = CONpanion.app; sourceTree = BUILT_PRODUCTS_DIR; };
		235F1EF72B728E6000FDD8DB /* CONpanionApp.swift */ = {isa = PBXFileReference; lastKnownFileType = sourcecode.swift; path = CONpanionApp.swift; sourceTree = "<group>"; };
		235F1EF92B728E6000FDD8DB /* ContentView.swift */ = {isa = PBXFileReference; lastKnownFileType = sourcecode.swift; path = ContentView.swift; sourceTree = "<group>"; };
		235F1EFB2B728E6300FDD8DB /* Assets.xcassets */ = {isa = PBXFileReference; lastKnownFileType = folder.assetcatalog; path = Assets.xcassets; sourceTree = "<group>"; };
		235F1EFE2B728E6300FDD8DB /* Preview Assets.xcassets */ = {isa = PBXFileReference; lastKnownFileType = folder.assetcatalog; path = "Preview Assets.xcassets"; sourceTree = "<group>"; };
		235F1F132B72938E00FDD8DB /* LoginView.swift */ = {isa = PBXFileReference; lastKnownFileType = sourcecode.swift; path = LoginView.swift; sourceTree = "<group>"; };
		235F1F152B73C19C00FDD8DB /* InputView.swift */ = {isa = PBXFileReference; lastKnownFileType = sourcecode.swift; path = InputView.swift; sourceTree = "<group>"; };
		235F1F172B73DBE800FDD8DB /* RegistrationView.swift */ = {isa = PBXFileReference; lastKnownFileType = sourcecode.swift; path = RegistrationView.swift; sourceTree = "<group>"; };
		235F1F192B73E99700FDD8DB /* ForgottenPasswordView.swift */ = {isa = PBXFileReference; lastKnownFileType = sourcecode.swift; path = ForgottenPasswordView.swift; sourceTree = "<group>"; };
		235F1F1B2B73EBB400FDD8DB /* ProfileView.swift */ = {isa = PBXFileReference; lastKnownFileType = sourcecode.swift; path = ProfileView.swift; sourceTree = "<group>"; };
/* End PBXFileReference section */

/* Begin PBXFrameworksBuildPhase section */
		235F1EF12B728E6000FDD8DB /* Frameworks */ = {
			isa = PBXFrameworksBuildPhase;
			buildActionMask = 2147483647;
			files = (
			);
			runOnlyForDeploymentPostprocessing = 0;
		};
/* End PBXFrameworksBuildPhase section */

/* Begin PBXGroup section */
		235F1EEB2B728E5F00FDD8DB = {
			isa = PBXGroup;
			children = (
				235F1EF62B728E6000FDD8DB /* CONpanion */,
				235F1EF52B728E6000FDD8DB /* Products */,
			);
			sourceTree = "<group>";
		};
		235F1EF52B728E6000FDD8DB /* Products */ = {
			isa = PBXGroup;
			children = (
				235F1EF42B728E6000FDD8DB /* CONpanion.app */,
			);
			name = Products;
			sourceTree = "<group>";
		};
		235F1EF62B728E6000FDD8DB /* CONpanion */ = {
			isa = PBXGroup;
			children = (
				235F1F0C2B7290E100FDD8DB /* App */,
				235F1F0D2B7290E900FDD8DB /* Components */,
				235F1F0E2B72911C00FDD8DB /* Core */,
				235F1F0F2B72912600FDD8DB /* Model */,
				235F1EFB2B728E6300FDD8DB /* Assets.xcassets */,
				235F1EFD2B728E6300FDD8DB /* Preview Content */,
			);
			path = CONpanion;
			sourceTree = "<group>";
		};
		235F1EFD2B728E6300FDD8DB /* Preview Content */ = {
			isa = PBXGroup;
			children = (
				235F1EFE2B728E6300FDD8DB /* Preview Assets.xcassets */,
			);
			path = "Preview Content";
			sourceTree = "<group>";
		};
		235F1F0C2B7290E100FDD8DB /* App */ = {
			isa = PBXGroup;
			children = (
				235F1EF72B728E6000FDD8DB /* CONpanionApp.swift */,
			);
			path = App;
			sourceTree = "<group>";
		};
		235F1F0D2B7290E900FDD8DB /* Components */ = {
			isa = PBXGroup;
			children = (
				235F1F152B73C19C00FDD8DB /* InputView.swift */,
			);
			path = Components;
			sourceTree = "<group>";
		};
		235F1F0E2B72911C00FDD8DB /* Core */ = {
			isa = PBXGroup;
			children = (
				235F1F112B72919600FDD8DB /* Authentication */,
				235F1F122B7291A500FDD8DB /* Profile */,
				235F1F102B72917A00FDD8DB /* Root */,
			);
			path = Core;
			sourceTree = "<group>";
		};
		235F1F0F2B72912600FDD8DB /* Model */ = {
			isa = PBXGroup;
			children = (
			);
			path = Model;
			sourceTree = "<group>";
		};
		235F1F102B72917A00FDD8DB /* Root */ = {
			isa = PBXGroup;
			children = (
				235F1EF92B728E6000FDD8DB /* ContentView.swift */,
			);
			path = Root;
			sourceTree = "<group>";
		};
		235F1F112B72919600FDD8DB /* Authentication */ = {
			isa = PBXGroup;
			children = (
				235F1F132B72938E00FDD8DB /* LoginView.swift */,
				235F1F172B73DBE800FDD8DB /* RegistrationView.swift */,
				235F1F192B73E99700FDD8DB /* ForgottenPasswordView.swift */,
			);
			path = Authentication;
			sourceTree = "<group>";
		};
		235F1F122B7291A500FDD8DB /* Profile */ = {
			isa = PBXGroup;
			children = (
				235F1F1B2B73EBB400FDD8DB /* ProfileView.swift */,
			);
			path = Profile;
			sourceTree = "<group>";
		};
/* End PBXGroup section */

/* Begin PBXNativeTarget section */
		235F1EF32B728E6000FDD8DB /* CONpanion */ = {
			isa = PBXNativeTarget;
			buildConfigurationList = 235F1F022B728E6300FDD8DB /* Build configuration list for PBXNativeTarget "CONpanion" */;
			buildPhases = (
				235F1EF02B728E6000FDD8DB /* Sources */,
				235F1EF12B728E6000FDD8DB /* Frameworks */,
				235F1EF22B728E6000FDD8DB /* Resources */,
			);
			buildRules = (
			);
			dependencies = (
			);
			name = CONpanion;
			productName = CONpanion;
			productReference = 235F1EF42B728E6000FDD8DB /* CONpanion.app */;
			productType = "com.apple.product-type.application";
		};
/* End PBXNativeTarget section */

/* Begin PBXProject section */
		235F1EEC2B728E5F00FDD8DB /* Project object */ = {
			isa = PBXProject;
			attributes = {
				BuildIndependentTargetsInParallel = 1;
				LastSwiftUpdateCheck = 1520;
				LastUpgradeCheck = 1520;
				TargetAttributes = {
					235F1EF32B728E6000FDD8DB = {
						CreatedOnToolsVersion = 15.2;
					};
				};
			};
			buildConfigurationList = 235F1EEF2B728E5F00FDD8DB /* Build configuration list for PBXProject "CONpanion" */;
			compatibilityVersion = "Xcode 14.0";
			developmentRegion = en;
			hasScannedForEncodings = 0;
			knownRegions = (
				en,
				Base,
			);
			mainGroup = 235F1EEB2B728E5F00FDD8DB;
			productRefGroup = 235F1EF52B728E6000FDD8DB /* Products */;
			projectDirPath = "";
			projectRoot = "";
			targets = (
				235F1EF32B728E6000FDD8DB /* CONpanion */,
			);
		};
/* End PBXProject section */

/* Begin PBXResourcesBuildPhase section */
		235F1EF22B728E6000FDD8DB /* Resources */ = {
			isa = PBXResourcesBuildPhase;
			buildActionMask = 2147483647;
			files = (
				235F1EFF2B728E6300FDD8DB /* Preview Assets.xcassets in Resources */,
				235F1EFC2B728E6300FDD8DB /* Assets.xcassets in Resources */,
			);
			runOnlyForDeploymentPostprocessing = 0;
		};
/* End PBXResourcesBuildPhase section */

/* Begin PBXSourcesBuildPhase section */
		235F1EF02B728E6000FDD8DB /* Sources */ = {
			isa = PBXSourcesBuildPhase;
			buildActionMask = 2147483647;
			files = (
				235F1F1A2B73E99800FDD8DB /* ForgottenPasswordView.swift in Sources */,
				235F1F142B72938E00FDD8DB /* LoginView.swift in Sources */,
				235F1F162B73C19C00FDD8DB /* InputView.swift in Sources */,
				235F1EFA2B728E6000FDD8DB /* ContentView.swift in Sources */,
				235F1EF82B728E6000FDD8DB /* CONpanionApp.swift in Sources */,
				235F1F1C2B73EBB400FDD8DB /* ProfileView.swift in Sources */,
				235F1F182B73DBE800FDD8DB /* RegistrationView.swift in Sources */,
			);
			runOnlyForDeploymentPostprocessing = 0;
		};
/* End PBXSourcesBuildPhase section */

/* Begin XCBuildConfiguration section */
		235F1F002B728E6300FDD8DB /* Debug */ = {
			isa = XCBuildConfiguration;
			buildSettings = {
				ALWAYS_SEARCH_USER_PATHS = NO;
				ASSETCATALOG_COMPILER_GENERATE_SWIFT_ASSET_SYMBOL_EXTENSIONS = YES;
				CLANG_ANALYZER_NONNULL = YES;
				CLANG_ANALYZER_NUMBER_OBJECT_CONVERSION = YES_AGGRESSIVE;
				CLANG_CXX_LANGUAGE_STANDARD = "gnu++20";
				CLANG_ENABLE_MODULES = YES;
				CLANG_ENABLE_OBJC_ARC = YES;
				CLANG_ENABLE_OBJC_WEAK = YES;
				CLANG_WARN_BLOCK_CAPTURE_AUTORELEASING = YES;
				CLANG_WARN_BOOL_CONVERSION = YES;
				CLANG_WARN_COMMA = YES;
				CLANG_WARN_CONSTANT_CONVERSION = YES;
				CLANG_WARN_DEPRECATED_OBJC_IMPLEMENTATIONS = YES;
				CLANG_WARN_DIRECT_OBJC_ISA_USAGE = YES_ERROR;
				CLANG_WARN_DOCUMENTATION_COMMENTS = YES;
				CLANG_WARN_EMPTY_BODY = YES;
				CLANG_WARN_ENUM_CONVERSION = YES;
				CLANG_WARN_INFINITE_RECURSION = YES;
				CLANG_WARN_INT_CONVERSION = YES;
				CLANG_WARN_NON_LITERAL_NULL_CONVERSION = YES;
				CLANG_WARN_OBJC_IMPLICIT_RETAIN_SELF = YES;
				CLANG_WARN_OBJC_LITERAL_CONVERSION = YES;
				CLANG_WARN_OBJC_ROOT_CLASS = YES_ERROR;
				CLANG_WARN_QUOTED_INCLUDE_IN_FRAMEWORK_HEADER = YES;
				CLANG_WARN_RANGE_LOOP_ANALYSIS = YES;
				CLANG_WARN_STRICT_PROTOTYPES = YES;
				CLANG_WARN_SUSPICIOUS_MOVE = YES;
				CLANG_WARN_UNGUARDED_AVAILABILITY = YES_AGGRESSIVE;
				CLANG_WARN_UNREACHABLE_CODE = YES;
				CLANG_WARN__DUPLICATE_METHOD_MATCH = YES;
				COPY_PHASE_STRIP = NO;
				DEBUG_INFORMATION_FORMAT = dwarf;
				ENABLE_STRICT_OBJC_MSGSEND = YES;
				ENABLE_TESTABILITY = YES;
				ENABLE_USER_SCRIPT_SANDBOXING = YES;
				GCC_C_LANGUAGE_STANDARD = gnu17;
				GCC_DYNAMIC_NO_PIC = NO;
				GCC_NO_COMMON_BLOCKS = YES;
				GCC_OPTIMIZATION_LEVEL = 0;
				GCC_PREPROCESSOR_DEFINITIONS = (
					"DEBUG=1",
					"$(inherited)",
				);
				GCC_WARN_64_TO_32_BIT_CONVERSION = YES;
				GCC_WARN_ABOUT_RETURN_TYPE = YES_ERROR;
				GCC_WARN_UNDECLARED_SELECTOR = YES;
				GCC_WARN_UNINITIALIZED_AUTOS = YES_AGGRESSIVE;
				GCC_WARN_UNUSED_FUNCTION = YES;
				GCC_WARN_UNUSED_VARIABLE = YES;
				IPHONEOS_DEPLOYMENT_TARGET = 17.2;
				LOCALIZATION_PREFERS_STRING_CATALOGS = YES;
				MTL_ENABLE_DEBUG_INFO = INCLUDE_SOURCE;
				MTL_FAST_MATH = YES;
				ONLY_ACTIVE_ARCH = YES;
				SDKROOT = iphoneos;
				SWIFT_ACTIVE_COMPILATION_CONDITIONS = "DEBUG $(inherited)";
				SWIFT_OPTIMIZATION_LEVEL = "-Onone";
			};
			name = Debug;
		};
		235F1F012B728E6300FDD8DB /* Release */ = {
			isa = XCBuildConfiguration;
			buildSettings = {
				ALWAYS_SEARCH_USER_PATHS = NO;
				ASSETCATALOG_COMPILER_GENERATE_SWIFT_ASSET_SYMBOL_EXTENSIONS = YES;
				CLANG_ANALYZER_NONNULL = YES;
				CLANG_ANALYZER_NUMBER_OBJECT_CONVERSION = YES_AGGRESSIVE;
				CLANG_CXX_LANGUAGE_STANDARD = "gnu++20";
				CLANG_ENABLE_MODULES = YES;
				CLANG_ENABLE_OBJC_ARC = YES;
				CLANG_ENABLE_OBJC_WEAK = YES;
				CLANG_WARN_BLOCK_CAPTURE_AUTORELEASING = YES;
				CLANG_WARN_BOOL_CONVERSION = YES;
				CLANG_WARN_COMMA = YES;
				CLANG_WARN_CONSTANT_CONVERSION = YES;
				CLANG_WARN_DEPRECATED_OBJC_IMPLEMENTATIONS = YES;
				CLANG_WARN_DIRECT_OBJC_ISA_USAGE = YES_ERROR;
				CLANG_WARN_DOCUMENTATION_COMMENTS = YES;
				CLANG_WARN_EMPTY_BODY = YES;
				CLANG_WARN_ENUM_CONVERSION = YES;
				CLANG_WARN_INFINITE_RECURSION = YES;
				CLANG_WARN_INT_CONVERSION = YES;
				CLANG_WARN_NON_LITERAL_NULL_CONVERSION = YES;
				CLANG_WARN_OBJC_IMPLICIT_RETAIN_SELF = YES;
				CLANG_WARN_OBJC_LITERAL_CONVERSION = YES;
				CLANG_WARN_OBJC_ROOT_CLASS = YES_ERROR;
				CLANG_WARN_QUOTED_INCLUDE_IN_FRAMEWORK_HEADER = YES;
				CLANG_WARN_RANGE_LOOP_ANALYSIS = YES;
				CLANG_WARN_STRICT_PROTOTYPES = YES;
				CLANG_WARN_SUSPICIOUS_MOVE = YES;
				CLANG_WARN_UNGUARDED_AVAILABILITY = YES_AGGRESSIVE;
				CLANG_WARN_UNREACHABLE_CODE = YES;
				CLANG_WARN__DUPLICATE_METHOD_MATCH = YES;
				COPY_PHASE_STRIP = NO;
				DEBUG_INFORMATION_FORMAT = "dwarf-with-dsym";
				ENABLE_NS_ASSERTIONS = NO;
				ENABLE_STRICT_OBJC_MSGSEND = YES;
				ENABLE_USER_SCRIPT_SANDBOXING = YES;
				GCC_C_LANGUAGE_STANDARD = gnu17;
				GCC_NO_COMMON_BLOCKS = YES;
				GCC_WARN_64_TO_32_BIT_CONVERSION = YES;
				GCC_WARN_ABOUT_RETURN_TYPE = YES_ERROR;
				GCC_WARN_UNDECLARED_SELECTOR = YES;
				GCC_WARN_UNINITIALIZED_AUTOS = YES_AGGRESSIVE;
				GCC_WARN_UNUSED_FUNCTION = YES;
				GCC_WARN_UNUSED_VARIABLE = YES;
				IPHONEOS_DEPLOYMENT_TARGET = 17.2;
				LOCALIZATION_PREFERS_STRING_CATALOGS = YES;
				MTL_ENABLE_DEBUG_INFO = NO;
				MTL_FAST_MATH = YES;
				SDKROOT = iphoneos;
				SWIFT_COMPILATION_MODE = wholemodule;
				VALIDATE_PRODUCT = YES;
			};
			name = Release;
		};
		235F1F032B728E6300FDD8DB /* Debug */ = {
			isa = XCBuildConfiguration;
			buildSettings = {
				ASSETCATALOG_COMPILER_APPICON_NAME = AppIcon;
				ASSETCATALOG_COMPILER_GLOBAL_ACCENT_COLOR_NAME = AccentColor;
				CODE_SIGN_STYLE = Automatic;
				CURRENT_PROJECT_VERSION = 1;
				DEVELOPMENT_ASSET_PATHS = "\"CONpanion/Preview Content\"";
				ENABLE_PREVIEWS = YES;
				GENERATE_INFOPLIST_FILE = YES;
				INFOPLIST_KEY_UIApplicationSceneManifest_Generation = YES;
				INFOPLIST_KEY_UIApplicationSupportsIndirectInputEvents = YES;
				INFOPLIST_KEY_UILaunchScreen_Generation = YES;
				INFOPLIST_KEY_UISupportedInterfaceOrientations_iPad = "UIInterfaceOrientationPortrait UIInterfaceOrientationPortraitUpsideDown UIInterfaceOrientationLandscapeLeft UIInterfaceOrientationLandscapeRight";
				INFOPLIST_KEY_UISupportedInterfaceOrientations_iPhone = "UIInterfaceOrientationPortrait UIInterfaceOrientationLandscapeLeft UIInterfaceOrientationLandscapeRight";
				LD_RUNPATH_SEARCH_PATHS = (
					"$(inherited)",
					"@executable_path/Frameworks",
				);
				MARKETING_VERSION = 1.0;
				PRODUCT_BUNDLE_IDENTIFIER = jmccarthy.CONpanion;
				PRODUCT_NAME = "$(TARGET_NAME)";
				SWIFT_EMIT_LOC_STRINGS = YES;
				SWIFT_VERSION = 5.0;
				TARGETED_DEVICE_FAMILY = "1,2";
			};
			name = Debug;
		};
		235F1F042B728E6300FDD8DB /* Release */ = {
			isa = XCBuildConfiguration;
			buildSettings = {
				ASSETCATALOG_COMPILER_APPICON_NAME = AppIcon;
				ASSETCATALOG_COMPILER_GLOBAL_ACCENT_COLOR_NAME = AccentColor;
				CODE_SIGN_STYLE = Automatic;
				CURRENT_PROJECT_VERSION = 1;
				DEVELOPMENT_ASSET_PATHS = "\"CONpanion/Preview Content\"";
				ENABLE_PREVIEWS = YES;
				GENERATE_INFOPLIST_FILE = YES;
				INFOPLIST_KEY_UIApplicationSceneManifest_Generation = YES;
				INFOPLIST_KEY_UIApplicationSupportsIndirectInputEvents = YES;
				INFOPLIST_KEY_UILaunchScreen_Generation = YES;
				INFOPLIST_KEY_UISupportedInterfaceOrientations_iPad = "UIInterfaceOrientationPortrait UIInterfaceOrientationPortraitUpsideDown UIInterfaceOrientationLandscapeLeft UIInterfaceOrientationLandscapeRight";
				INFOPLIST_KEY_UISupportedInterfaceOrientations_iPhone = "UIInterfaceOrientationPortrait UIInterfaceOrientationLandscapeLeft UIInterfaceOrientationLandscapeRight";
				LD_RUNPATH_SEARCH_PATHS = (
					"$(inherited)",
					"@executable_path/Frameworks",
				);
				MARKETING_VERSION = 1.0;
				PRODUCT_BUNDLE_IDENTIFIER = jmccarthy.CONpanion;
				PRODUCT_NAME = "$(TARGET_NAME)";
				SWIFT_EMIT_LOC_STRINGS = YES;
				SWIFT_VERSION = 5.0;
				TARGETED_DEVICE_FAMILY = "1,2";
			};
			name = Release;
		};
/* End XCBuildConfiguration section */

/* Begin XCConfigurationList section */
		235F1EEF2B728E5F00FDD8DB /* Build configuration list for PBXProject "CONpanion" */ = {
			isa = XCConfigurationList;
			buildConfigurations = (
				235F1F002B728E6300FDD8DB /* Debug */,
				235F1F012B728E6300FDD8DB /* Release */,
			);
			defaultConfigurationIsVisible = 0;
			defaultConfigurationName = Release;
		};
		235F1F022B728E6300FDD8DB /* Build configuration list for PBXNativeTarget "CONpanion" */ = {
			isa = XCConfigurationList;
			buildConfigurations = (
				235F1F032B728E6300FDD8DB /* Debug */,
				235F1F042B728E6300FDD8DB /* Release */,
			);
			defaultConfigurationIsVisible = 0;
			defaultConfigurationName = Release;
		};
/* End XCConfigurationList section */
	};
	rootObject = 235F1EEC2B728E5F00FDD8DB /* Project object */;
}
